{
  "name": "Trading Journal",
  "lockfileVersion": 3,
  "requires": true,
  "packages": {
    "": {
      "devDependencies": {
        "@types/tailwindcss": "^3.1.0",
        "tailwindcss": "^4.0.9"
      }
    },
    "node_modules/@types/tailwindcss": {
      "version": "3.1.0",
      "resolved": "https://registry.npmjs.org/@types/tailwindcss/-/tailwindcss-3.1.0.tgz",
      "integrity": "sha512-JxPzrm609hzvF4nmOI3StLjbBEP3WWQxDDJESqR1nh94h7gyyy3XSl0hn5RBMJ9mPudlLjtaXs5YEBtLw7CnPA==",
      "deprecated": "This is a stub types definition. tailwindcss provides its own type definitions, so you do not need this installed.",
      "dev": true,
      "dependencies": {
        "tailwindcss": "*"
      }
    },
    "node_modules/tailwindcss": {
      "version": "4.0.9",
      "resolved": "https://registry.npmjs.org/tailwindcss/-/tailwindcss-4.0.9.tgz",
      "integrity": "sha512-12laZu+fv1ONDRoNR9ipTOpUD7RN9essRVkX36sjxuRUInpN7hIiHN4lBd/SIFjbISvnXzp8h/hXzmU8SQQYhw==",
      "dev": true
    }
  }
}
